
Microsoft Visual Studio Solution File, Format Version 12.00
# Visual Studio Version 16
VisualStudioVersion = 16.0.33529.622
MinimumVisualStudioVersion = 10.0.40219.1
Project("{FAE04EC0-301F-11D3-BF4B-00C04F79EFBC}") = "VLC_Console", "VLC_Console\VLC_Console.csproj", "{430B54E8-8DE2-426C-AAD9-CF0B69A85E42}"
EndProject
Project("{FAE04EC0-301F-11D3-BF4B-00C04F79EFBC}") = "VLC_Form", "VLC_Form\VLC_Form.csproj", "{6DA465AF-8EE2-417C-B8C7-53B0ACE813DA}"
EndProject
Global
	GlobalSection(SolutionConfigurationPlatforms) = preSolution
		Debug|Any CPU = Debug|Any CPU
		Release|Any CPU = Release|Any CPU
	EndGlobalSection
	GlobalSection(ProjectConfigurationPlatforms) = postSolution
		{430B54E8-8DE2-426C-AAD9-CF0B69A85E42}.Debug|Any CPU.ActiveCfg = Debug|Any CPU
		{430B54E8-8DE2-426C-AAD9-CF0B69A85E42}.Debug|Any CPU.Build.0 = Debug|Any CPU
		{430B54E8-8DE2-426C-AAD9-CF0B69A85E42}.Release|Any CPU.ActiveCfg = Release|Any CPU
		{430B54E8-8DE2-426C-AAD9-CF0B69A85E42}.Release|Any CPU.Build.0 = Release|Any CPU
		{6DA465AF-8EE2-417C-B8C7-53B0ACE813DA}.Debug|Any CPU.ActiveCfg = Debug|Any CPU
		{6DA465AF-8EE2-417C-B8C7-53B0ACE813DA}.Debug|Any CPU.Build.0 = Debug|Any CPU
		{6DA465AF-8EE2-417C-B8C7-53B0ACE813DA}.Release|Any CPU.ActiveCfg = Release|Any CPU
		{6DA465AF-8EE2-417C-B8C7-53B0ACE813DA}.Release|Any CPU.Build.0 = Release|Any CPU
	EndGlobalSection
	GlobalSection(SolutionProperties) = preSolution
		HideSolutionNode = FALSE
	EndGlobalSection
	GlobalSection(ExtensibilityGlobals) = postSolution
		SolutionGuid = {2865C7E8-AC69-499C-B752-A06CBA4386DA}
	EndGlobalSection
EndGlobal
